// !$*UTF8*$!
{
	archiveVersion = 1;
	classes = {
	};
	objectVersion = 46;
	objects = {

/* Begin PBXBuildFile section */
		547424EA1A1C1CE800A8478C /* AppDelegate.swift in Sources */ = {isa = PBXBuildFile; fileRef = 547424E91A1C1CE800A8478C /* AppDelegate.swift */; };
		547424EC1A1C1CE800A8478C /* ViewController.swift in Sources */ = {isa = PBXBuildFile; fileRef = 547424EB1A1C1CE800A8478C /* ViewController.swift */; };
		547424EE1A1C1CE800A8478C /* Images.xcassets in Resources */ = {isa = PBXBuildFile; fileRef = 547424ED1A1C1CE800A8478C /* Images.xcassets */; };
		547424F11A1C1CE800A8478C /* Main.storyboard in Resources */ = {isa = PBXBuildFile; fileRef = 547424EF1A1C1CE800A8478C /* Main.storyboard */; };
		547424FD1A1C1CE800A8478C /* MapPointMapperTests.swift in Sources */ = {isa = PBXBuildFile; fileRef = 547424FC1A1C1CE800A8478C /* MapPointMapperTests.swift */; };
		547425071A1C1D3D00A8478C /* MapKit.framework in Frameworks */ = {isa = PBXBuildFile; fileRef = 547425061A1C1D3D00A8478C /* MapKit.framework */; };
		547AAF8E1A1EDEAD00A0D174 /* Parser.swift in Sources */ = {isa = PBXBuildFile; fileRef = 547AAF8D1A1EDEAD00A0D174 /* Parser.swift */; };
		54B987061A895EF200D541F4 /* ParserTests.swift in Sources */ = {isa = PBXBuildFile; fileRef = 54B987051A895EF200D541F4 /* ParserTests.swift */; };
		54B987081A896BF600D541F4 /* Parser.swift in Sources */ = {isa = PBXBuildFile; fileRef = 547AAF8D1A1EDEAD00A0D174 /* Parser.swift */; };
		A03C25251A8E7DAB00FE23FE /* NSColorHelpers.swift in Sources */ = {isa = PBXBuildFile; fileRef = A03C25241A8E7DAB00FE23FE /* NSColorHelpers.swift */; };
/* End PBXBuildFile section */

/* Begin PBXContainerItemProxy section */
		547424F71A1C1CE800A8478C /* PBXContainerItemProxy */ = {
			isa = PBXContainerItemProxy;
			containerPortal = 547424DC1A1C1CE800A8478C /* Project object */;
			proxyType = 1;
			remoteGlobalIDString = 547424E31A1C1CE800A8478C;
			remoteInfo = MapPointMapper;
		};
/* End PBXContainerItemProxy section */

/* Begin PBXFileReference section */
		547424E41A1C1CE800A8478C /* MapPointMapper.app */ = {isa = PBXFileReference; explicitFileType = wrapper.application; includeInIndex = 0; path = MapPointMapper.app; sourceTree = BUILT_PRODUCTS_DIR; };
		547424E81A1C1CE800A8478C /* Info.plist */ = {isa = PBXFileReference; lastKnownFileType = text.plist.xml; path = Info.plist; sourceTree = "<group>"; };
		547424E91A1C1CE800A8478C /* AppDelegate.swift */ = {isa = PBXFileReference; lastKnownFileType = sourcecode.swift; path = AppDelegate.swift; sourceTree = "<group>"; };
		547424EB1A1C1CE800A8478C /* ViewController.swift */ = {isa = PBXFileReference; lastKnownFileType = sourcecode.swift; path = ViewController.swift; sourceTree = "<group>"; };
		547424ED1A1C1CE800A8478C /* Images.xcassets */ = {isa = PBXFileReference; lastKnownFileType = folder.assetcatalog; path = Images.xcassets; sourceTree = "<group>"; };
		547424F01A1C1CE800A8478C /* Base */ = {isa = PBXFileReference; lastKnownFileType = file.storyboard; name = Base; path = Base.lproj/Main.storyboard; sourceTree = "<group>"; };
		547424F61A1C1CE800A8478C /* MapPointMapperTests.xctest */ = {isa = PBXFileReference; explicitFileType = wrapper.cfbundle; includeInIndex = 0; path = MapPointMapperTests.xctest; sourceTree = BUILT_PRODUCTS_DIR; };
		547424FB1A1C1CE800A8478C /* Info.plist */ = {isa = PBXFileReference; lastKnownFileType = text.plist.xml; path = Info.plist; sourceTree = "<group>"; };
		547424FC1A1C1CE800A8478C /* MapPointMapperTests.swift */ = {isa = PBXFileReference; lastKnownFileType = sourcecode.swift; path = MapPointMapperTests.swift; sourceTree = "<group>"; };
		547425061A1C1D3D00A8478C /* MapKit.framework */ = {isa = PBXFileReference; lastKnownFileType = wrapper.framework; name = MapKit.framework; path = System/Library/Frameworks/MapKit.framework; sourceTree = SDKROOT; };
		547425081A1C1D3D00A8478C /* MapPointMapper.entitlements */ = {isa = PBXFileReference; lastKnownFileType = text.xml; path = MapPointMapper.entitlements; sourceTree = "<group>"; };
		547AAF8D1A1EDEAD00A0D174 /* Parser.swift */ = {isa = PBXFileReference; fileEncoding = 4; lastKnownFileType = sourcecode.swift; name = Parser.swift; path = Parser/Parser.swift; sourceTree = "<group>"; };
		54B987051A895EF200D541F4 /* ParserTests.swift */ = {isa = PBXFileReference; fileEncoding = 4; indentWidth = 2; lastKnownFileType = sourcecode.swift; name = ParserTests.swift; path = Parser/ParserTests.swift; sourceTree = "<group>"; tabWidth = 2; };
		A03C25241A8E7DAB00FE23FE /* NSColorHelpers.swift */ = {isa = PBXFileReference; fileEncoding = 4; lastKnownFileType = sourcecode.swift; name = NSColorHelpers.swift; path = Extensions/NSColorHelpers.swift; sourceTree = "<group>"; };
/* End PBXFileReference section */

/* Begin PBXFrameworksBuildPhase section */
		547424E11A1C1CE800A8478C /* Frameworks */ = {
			isa = PBXFrameworksBuildPhase;
			buildActionMask = 2147483647;
			files = (
				547425071A1C1D3D00A8478C /* MapKit.framework in Frameworks */,
			);
			runOnlyForDeploymentPostprocessing = 0;
		};
		547424F31A1C1CE800A8478C /* Frameworks */ = {
			isa = PBXFrameworksBuildPhase;
			buildActionMask = 2147483647;
			files = (
			);
			runOnlyForDeploymentPostprocessing = 0;
		};
/* End PBXFrameworksBuildPhase section */

/* Begin PBXGroup section */
		547424DB1A1C1CE800A8478C = {
			isa = PBXGroup;
			children = (
				547425061A1C1D3D00A8478C /* MapKit.framework */,
				547424E61A1C1CE800A8478C /* MapPointMapper */,
				547424F91A1C1CE800A8478C /* MapPointMapperTests */,
				547424E51A1C1CE800A8478C /* Products */,
			);
			indentWidth = 2;
			sourceTree = "<group>";
			tabWidth = 2;
		};
		547424E51A1C1CE800A8478C /* Products */ = {
			isa = PBXGroup;
			children = (
				547424E41A1C1CE800A8478C /* MapPointMapper.app */,
				547424F61A1C1CE800A8478C /* MapPointMapperTests.xctest */,
			);
			name = Products;
			sourceTree = "<group>";
		};
		547424E61A1C1CE800A8478C /* MapPointMapper */ = {
			isa = PBXGroup;
			children = (
				A03C25211A8E7B1D00FE23FE /* Extensions */,
				547AAF8C1A1EDE8000A0D174 /* Parser */,
				547425081A1C1D3D00A8478C /* MapPointMapper.entitlements */,
				547424E91A1C1CE800A8478C /* AppDelegate.swift */,
				547424EB1A1C1CE800A8478C /* ViewController.swift */,
				547424ED1A1C1CE800A8478C /* Images.xcassets */,
				547424EF1A1C1CE800A8478C /* Main.storyboard */,
				547424E71A1C1CE800A8478C /* Supporting Files */,
			);
			path = MapPointMapper;
			sourceTree = "<group>";
		};
		547424E71A1C1CE800A8478C /* Supporting Files */ = {
			isa = PBXGroup;
			children = (
				547424E81A1C1CE800A8478C /* Info.plist */,
			);
			name = "Supporting Files";
			sourceTree = "<group>";
		};
		547424F91A1C1CE800A8478C /* MapPointMapperTests */ = {
			isa = PBXGroup;
			children = (
				54B987041A895EDB00D541F4 /* Parser */,
				547424FC1A1C1CE800A8478C /* MapPointMapperTests.swift */,
				547424FA1A1C1CE800A8478C /* Supporting Files */,
			);
			path = MapPointMapperTests;
			sourceTree = "<group>";
		};
		547424FA1A1C1CE800A8478C /* Supporting Files */ = {
			isa = PBXGroup;
			children = (
				547424FB1A1C1CE800A8478C /* Info.plist */,
			);
			name = "Supporting Files";
			sourceTree = "<group>";
		};
		547AAF8C1A1EDE8000A0D174 /* Parser */ = {
			isa = PBXGroup;
			children = (
				547AAF8D1A1EDEAD00A0D174 /* Parser.swift */,
			);
			name = Parser;
			sourceTree = "<group>";
		};
		54B987041A895EDB00D541F4 /* Parser */ = {
			isa = PBXGroup;
			children = (
				54B987051A895EF200D541F4 /* ParserTests.swift */,
			);
			name = Parser;
			sourceTree = "<group>";
		};
		A03C25211A8E7B1D00FE23FE /* Extensions */ = {
			isa = PBXGroup;
			children = (
				A03C25241A8E7DAB00FE23FE /* NSColorHelpers.swift */,
			);
			name = Extensions;
			sourceTree = "<group>";
		};
/* End PBXGroup section */

/* Begin PBXNativeTarget section */
		547424E31A1C1CE800A8478C /* MapPointMapper */ = {
			isa = PBXNativeTarget;
			buildConfigurationList = 547425001A1C1CE800A8478C /* Build configuration list for PBXNativeTarget "MapPointMapper" */;
			buildPhases = (
				547424E01A1C1CE800A8478C /* Sources */,
				547424E11A1C1CE800A8478C /* Frameworks */,
				547424E21A1C1CE800A8478C /* Resources */,
			);
			buildRules = (
			);
			dependencies = (
			);
			name = MapPointMapper;
			productName = MapPointMapper;
			productReference = 547424E41A1C1CE800A8478C /* MapPointMapper.app */;
			productType = "com.apple.product-type.application";
		};
		547424F51A1C1CE800A8478C /* MapPointMapperTests */ = {
			isa = PBXNativeTarget;
			buildConfigurationList = 547425031A1C1CE800A8478C /* Build configuration list for PBXNativeTarget "MapPointMapperTests" */;
			buildPhases = (
				547424F21A1C1CE800A8478C /* Sources */,
				547424F31A1C1CE800A8478C /* Frameworks */,
				547424F41A1C1CE800A8478C /* Resources */,
			);
			buildRules = (
			);
			dependencies = (
				547424F81A1C1CE800A8478C /* PBXTargetDependency */,
			);
			name = MapPointMapperTests;
			productName = MapPointMapperTests;
			productReference = 547424F61A1C1CE800A8478C /* MapPointMapperTests.xctest */;
			productType = "com.apple.product-type.bundle.unit-test";
		};
/* End PBXNativeTarget section */

/* Begin PBXProject section */
		547424DC1A1C1CE800A8478C /* Project object */ = {
			isa = PBXProject;
			attributes = {
				LastSwiftUpdateCheck = 0700;
				LastUpgradeCheck = 0610;
				ORGANIZATIONNAME = dmiedema;
				TargetAttributes = {
					547424E31A1C1CE800A8478C = {
						CreatedOnToolsVersion = 6.1;
						DevelopmentTeam = 7AM27DZVQU;
						SystemCapabilities = {
							com.apple.Maps.Mac = {
								enabled = 1;
							};
						};
					};
					547424F51A1C1CE800A8478C = {
						CreatedOnToolsVersion = 6.1;
						TestTargetID = 547424E31A1C1CE800A8478C;
					};
				};
			};
			buildConfigurationList = 547424DF1A1C1CE800A8478C /* Build configuration list for PBXProject "MapPointMapper" */;
			compatibilityVersion = "Xcode 3.2";
			developmentRegion = English;
			hasScannedForEncodings = 0;
			knownRegions = (
				en,
				Base,
			);
			mainGroup = 547424DB1A1C1CE800A8478C;
			productRefGroup = 547424E51A1C1CE800A8478C /* Products */;
			projectDirPath = "";
			projectRoot = "";
			targets = (
				547424E31A1C1CE800A8478C /* MapPointMapper */,
				547424F51A1C1CE800A8478C /* MapPointMapperTests */,
			);
		};
/* End PBXProject section */

/* Begin PBXResourcesBuildPhase section */
		547424E21A1C1CE800A8478C /* Resources */ = {
			isa = PBXResourcesBuildPhase;
			buildActionMask = 2147483647;
			files = (
				547424EE1A1C1CE800A8478C /* Images.xcassets in Resources */,
				547424F11A1C1CE800A8478C /* Main.storyboard in Resources */,
			);
			runOnlyForDeploymentPostprocessing = 0;
		};
		547424F41A1C1CE800A8478C /* Resources */ = {
			isa = PBXResourcesBuildPhase;
			buildActionMask = 2147483647;
			files = (
			);
			runOnlyForDeploymentPostprocessing = 0;
		};
/* End PBXResourcesBuildPhase section */

/* Begin PBXSourcesBuildPhase section */
		547424E01A1C1CE800A8478C /* Sources */ = {
			isa = PBXSourcesBuildPhase;
			buildActionMask = 2147483647;
			files = (
				547424EC1A1C1CE800A8478C /* ViewController.swift in Sources */,
				547424EA1A1C1CE800A8478C /* AppDelegate.swift in Sources */,
				A03C25251A8E7DAB00FE23FE /* NSColorHelpers.swift in Sources */,
				547AAF8E1A1EDEAD00A0D174 /* Parser.swift in Sources */,
			);
			runOnlyForDeploymentPostprocessing = 0;
		};
		547424F21A1C1CE800A8478C /* Sources */ = {
			isa = PBXSourcesBuildPhase;
			buildActionMask = 2147483647;
			files = (
				54B987061A895EF200D541F4 /* ParserTests.swift in Sources */,
				547424FD1A1C1CE800A8478C /* MapPointMapperTests.swift in Sources */,
				54B987081A896BF600D541F4 /* Parser.swift in Sources */,
			);
			runOnlyForDeploymentPostprocessing = 0;
		};
/* End PBXSourcesBuildPhase section */

/* Begin PBXTargetDependency section */
		547424F81A1C1CE800A8478C /* PBXTargetDependency */ = {
			isa = PBXTargetDependency;
			target = 547424E31A1C1CE800A8478C /* MapPointMapper */;
			targetProxy = 547424F71A1C1CE800A8478C /* PBXContainerItemProxy */;
		};
/* End PBXTargetDependency section */

/* Begin PBXVariantGroup section */
		547424EF1A1C1CE800A8478C /* Main.storyboard */ = {
			isa = PBXVariantGroup;
			children = (
				547424F01A1C1CE800A8478C /* Base */,
			);
			name = Main.storyboard;
			sourceTree = "<group>";
		};
/* End PBXVariantGroup section */

/* Begin XCBuildConfiguration section */
		547424FE1A1C1CE800A8478C /* Debug */ = {
			isa = XCBuildConfiguration;
			buildSettings = {
				ALWAYS_SEARCH_USER_PATHS = NO;
				CLANG_CXX_LANGUAGE_STANDARD = "gnu++0x";
				CLANG_CXX_LIBRARY = "libc++";
				CLANG_ENABLE_MODULES = YES;
				CLANG_ENABLE_OBJC_ARC = YES;
				CLANG_WARN_BOOL_CONVERSION = YES;
				CLANG_WARN_CONSTANT_CONVERSION = YES;
				CLANG_WARN_DIRECT_OBJC_ISA_USAGE = YES_ERROR;
				CLANG_WARN_EMPTY_BODY = YES;
				CLANG_WARN_ENUM_CONVERSION = YES;
				CLANG_WARN_INT_CONVERSION = YES;
				CLANG_WARN_OBJC_ROOT_CLASS = YES_ERROR;
				CLANG_WARN_UNREACHABLE_CODE = YES;
				CLANG_WARN__DUPLICATE_METHOD_MATCH = YES;
				CODE_SIGN_IDENTITY = "-";
				COPY_PHASE_STRIP = NO;
				EMBEDDED_CONTENT_CONTAINS_SWIFT = NO;
				ENABLE_STRICT_OBJC_MSGSEND = YES;
				GCC_C_LANGUAGE_STANDARD = gnu99;
				GCC_DYNAMIC_NO_PIC = NO;
				GCC_OPTIMIZATION_LEVEL = 0;
				GCC_PREPROCESSOR_DEFINITIONS = (
					"DEBUG=1",
					"$(inherited)",
				);
				GCC_SYMBOLS_PRIVATE_EXTERN = NO;
				GCC_WARN_64_TO_32_BIT_CONVERSION = YES;
				GCC_WARN_ABOUT_RETURN_TYPE = YES_ERROR;
				GCC_WARN_UNDECLARED_SELECTOR = YES;
				GCC_WARN_UNINITIALIZED_AUTOS = YES_AGGRESSIVE;
				GCC_WARN_UNUSED_FUNCTION = YES;
				GCC_WARN_UNUSED_VARIABLE = YES;
				MACOSX_DEPLOYMENT_TARGET = 10.10;
				MTL_ENABLE_DEBUG_INFO = YES;
				ONLY_ACTIVE_ARCH = YES;
				SDKROOT = macosx;
				SWIFT_OPTIMIZATION_LEVEL = "-Onone";
			};
			name = Debug;
		};
		547424FF1A1C1CE800A8478C /* Release */ = {
			isa = XCBuildConfiguration;
			buildSettings = {
				ALWAYS_SEARCH_USER_PATHS = NO;
				CLANG_CXX_LANGUAGE_STANDARD = "gnu++0x";
				CLANG_CXX_LIBRARY = "libc++";
				CLANG_ENABLE_MODULES = YES;
				CLANG_ENABLE_OBJC_ARC = YES;
				CLANG_WARN_BOOL_CONVERSION = YES;
				CLANG_WARN_CONSTANT_CONVERSION = YES;
				CLANG_WARN_DIRECT_OBJC_ISA_USAGE = YES_ERROR;
				CLANG_WARN_EMPTY_BODY = YES;
				CLANG_WARN_ENUM_CONVERSION = YES;
				CLANG_WARN_INT_CONVERSION = YES;
				CLANG_WARN_OBJC_ROOT_CLASS = YES_ERROR;
				CLANG_WARN_UNREACHABLE_CODE = YES;
				CLANG_WARN__DUPLICATE_METHOD_MATCH = YES;
				CODE_SIGN_IDENTITY = "-";
				COPY_PHASE_STRIP = YES;
				DEBUG_INFORMATION_FORMAT = "dwarf-with-dsym";
				EMBEDDED_CONTENT_CONTAINS_SWIFT = NO;
				ENABLE_NS_ASSERTIONS = NO;
				ENABLE_STRICT_OBJC_MSGSEND = YES;
				GCC_C_LANGUAGE_STANDARD = gnu99;
				GCC_WARN_64_TO_32_BIT_CONVERSION = YES;
				GCC_WARN_ABOUT_RETURN_TYPE = YES_ERROR;
				GCC_WARN_UNDECLARED_SELECTOR = YES;
				GCC_WARN_UNINITIALIZED_AUTOS = YES_AGGRESSIVE;
				GCC_WARN_UNUSED_FUNCTION = YES;
				GCC_WARN_UNUSED_VARIABLE = YES;
				MACOSX_DEPLOYMENT_TARGET = 10.10;
				MTL_ENABLE_DEBUG_INFO = NO;
				SDKROOT = macosx;
			};
			name = Release;
		};
		547425011A1C1CE800A8478C /* Debug */ = {
			isa = XCBuildConfiguration;
			buildSettings = {
				ASSETCATALOG_COMPILER_APPICON_NAME = AppIcon;
				CLANG_ANALYZER_SECURITY_FLOATLOOPCOUNTER = YES;
				CLANG_ANALYZER_SECURITY_INSECUREAPI_RAND = YES;
				CLANG_ANALYZER_SECURITY_INSECUREAPI_STRCPY = YES;
				CLANG_WARN_ASSIGN_ENUM = YES;
				CLANG_WARN_DEPRECATED_OBJC_IMPLEMENTATIONS = YES;
				CLANG_WARN_OBJC_EXPLICIT_OWNERSHIP_TYPE = YES;
				CLANG_WARN_OBJC_IMPLICIT_ATOMIC_PROPERTIES = YES;
				CLANG_WARN_OBJC_IMPLICIT_RETAIN_SELF = YES;
				CODE_SIGN_ENTITLEMENTS = MapPointMapper/MapPointMapper.entitlements;
				CODE_SIGN_IDENTITY = "Developer ID Application";
				"CODE_SIGN_IDENTITY[sdk=macosx*]" = "Mac Developer";
				COMBINE_HIDPI_IMAGES = YES;
				FRAMEWORK_SEARCH_PATHS = "$(inherited)";
				GCC_TREAT_INCOMPATIBLE_POINTER_TYPE_WARNINGS_AS_ERRORS = YES;
				GCC_WARN_ABOUT_MISSING_FIELD_INITIALIZERS = YES;
				GCC_WARN_ABOUT_MISSING_NEWLINE = YES;
				GCC_WARN_ABOUT_MISSING_PROTOTYPES = YES;
				GCC_WARN_INITIALIZER_NOT_FULLY_BRACKETED = YES;
				GCC_WARN_MULTIPLE_DEFINITION_TYPES_FOR_SELECTOR = NO;
				GCC_WARN_PEDANTIC = YES;
				GCC_WARN_SHADOW = YES;
				GCC_WARN_STRICT_SELECTOR_MATCH = YES;
				GCC_WARN_UNKNOWN_PRAGMAS = YES;
				INFOPLIST_FILE = MapPointMapper/Info.plist;
				LD_RUNPATH_SEARCH_PATHS = "$(inherited) @executable_path/../Frameworks";
				MACOSX_DEPLOYMENT_TARGET = 10.10;
				PRODUCT_NAME = "$(TARGET_NAME)";
				PROVISIONING_PROFILE = "";
				RUN_CLANG_STATIC_ANALYZER = YES;
			};
			name = Debug;
		};
		547425021A1C1CE800A8478C /* Release */ = {
			isa = XCBuildConfiguration;
			buildSettings = {
				ASSETCATALOG_COMPILER_APPICON_NAME = AppIcon;
				CLANG_ANALYZER_SECURITY_FLOATLOOPCOUNTER = YES;
				CLANG_ANALYZER_SECURITY_INSECUREAPI_RAND = YES;
				CLANG_ANALYZER_SECURITY_INSECUREAPI_STRCPY = YES;
				CLANG_WARN_ASSIGN_ENUM = YES;
				CLANG_WARN_DEPRECATED_OBJC_IMPLEMENTATIONS = YES;
				CLANG_WARN_OBJC_EXPLICIT_OWNERSHIP_TYPE = YES;
				CLANG_WARN_OBJC_IMPLICIT_ATOMIC_PROPERTIES = YES;
				CLANG_WARN_OBJC_IMPLICIT_RETAIN_SELF = YES;
				CODE_SIGN_ENTITLEMENTS = MapPointMapper/MapPointMapper.entitlements;
				CODE_SIGN_IDENTITY = "Developer ID Application";
				"CODE_SIGN_IDENTITY[sdk=macosx*]" = "Mac Developer";
				COMBINE_HIDPI_IMAGES = YES;
				FRAMEWORK_SEARCH_PATHS = "$(inherited)";
				GCC_TREAT_INCOMPATIBLE_POINTER_TYPE_WARNINGS_AS_ERRORS = YES;
				GCC_WARN_ABOUT_MISSING_FIELD_INITIALIZERS = YES;
				GCC_WARN_ABOUT_MISSING_NEWLINE = YES;
				GCC_WARN_ABOUT_MISSING_PROTOTYPES = YES;
				GCC_WARN_INITIALIZER_NOT_FULLY_BRACKETED = YES;
				GCC_WARN_MULTIPLE_DEFINITION_TYPES_FOR_SELECTOR = NO;
				GCC_WARN_PEDANTIC = YES;
				GCC_WARN_SHADOW = YES;
				GCC_WARN_STRICT_SELECTOR_MATCH = YES;
				GCC_WARN_UNKNOWN_PRAGMAS = YES;
				INFOPLIST_FILE = MapPointMapper/Info.plist;
				LD_RUNPATH_SEARCH_PATHS = "$(inherited) @executable_path/../Frameworks";
				MACOSX_DEPLOYMENT_TARGET = 10.10;
				PRODUCT_NAME = "$(TARGET_NAME)";
				PROVISIONING_PROFILE = "";
				RUN_CLANG_STATIC_ANALYZER = YES;
			};
			name = Release;
		};
		547425041A1C1CE800A8478C /* Debug */ = {
			isa = XCBuildConfiguration;
			buildSettings = {
				BUNDLE_LOADER = "$(TEST_HOST)";
				COMBINE_HIDPI_IMAGES = YES;
				FRAMEWORK_SEARCH_PATHS = (
					"$(DEVELOPER_FRAMEWORKS_DIR)",
					"$(inherited)",
					"$(PROJECT_DIR)/Carthage/Build/Mac",
				);
				GCC_PREPROCESSOR_DEFINITIONS = (
					"DEBUG=1",
					"$(inherited)",
				);
				INFOPLIST_FILE = MapPointMapperTests/Info.plist;
				LD_RUNPATH_SEARCH_PATHS = "$(inherited) @executable_path/../Frameworks @loader_path/../Frameworks";
				PRODUCT_NAME = "$(TARGET_NAME)";
				TEST_HOST = "$(BUILT_PRODUCTS_DIR)/MapPointMapper.app/Contents/MacOS/MapPointMapper";
			};
			name = Debug;
		};
		547425051A1C1CE800A8478C /* Release */ = {
			isa = XCBuildConfiguration;
			buildSettings = {
				BUNDLE_LOADER = "$(TEST_HOST)";
				COMBINE_HIDPI_IMAGES = YES;
				FRAMEWORK_SEARCH_PATHS = (
					"$(DEVELOPER_FRAMEWORKS_DIR)",
					"$(inherited)",
					"$(PROJECT_DIR)/Carthage/Build/Mac",
				);
				INFOPLIST_FILE = MapPointMapperTests/Info.plist;
				LD_RUNPATH_SEARCH_PATHS = "$(inherited) @executable_path/../Frameworks @loader_path/../Frameworks";
				PRODUCT_NAME = "$(TARGET_NAME)";
				TEST_HOST = "$(BUILT_PRODUCTS_DIR)/MapPointMapper.app/Contents/MacOS/MapPointMapper";
			};
			name = Release;
		};
/* End XCBuildConfiguration section */

/* Begin XCConfigurationList section */
		547424DF1A1C1CE800A8478C /* Build configuration list for PBXProject "MapPointMapper" */ = {
			isa = XCConfigurationList;
			buildConfigurations = (
				547424FE1A1C1CE800A8478C /* Debug */,
				547424FF1A1C1CE800A8478C /* Release */,
			);
			defaultConfigurationIsVisible = 0;
			defaultConfigurationName = Release;
		};
		547425001A1C1CE800A8478C /* Build configuration list for PBXNativeTarget "MapPointMapper" */ = {
			isa = XCConfigurationList;
			buildConfigurations = (
				547425011A1C1CE800A8478C /* Debug */,
				547425021A1C1CE800A8478C /* Release */,
			);
			defaultConfigurationIsVisible = 0;
			defaultConfigurationName = Release;
		};
		547425031A1C1CE800A8478C /* Build configuration list for PBXNativeTarget "MapPointMapperTests" */ = {
			isa = XCConfigurationList;
			buildConfigurations = (
				547425041A1C1CE800A8478C /* Debug */,
				547425051A1C1CE800A8478C /* Release */,
			);
			defaultConfigurationIsVisible = 0;
			defaultConfigurationName = Release;
		};
/* End XCConfigurationList section */
	};
	rootObject = 547424DC1A1C1CE800A8478C /* Project object */;
}
